
Microsoft Visual Studio Solution File, Format Version 12.00
# Visual Studio Version 16
VisualStudioVersion = 16.0.30225.117
MinimumVisualStudioVersion = 10.0.40219.1
Project("{FAE04EC0-301F-11D3-BF4B-00C04F79EFBC}") = "TestApp1", "TestApp1\TestApp1.csproj", "{A82A7C91-52C8-4899-89BF-9E7358CBCE35}"
EndProject
Global
	GlobalSection(SolutionConfigurationPlatforms) = preSolution
		Debug|Any CPU = Debug|Any CPU
		Release|Any CPU = Release|Any CPU
	EndGlobalSection
	GlobalSection(ProjectConfigurationPlatforms) = postSolution
		{A82A7C91-52C8-4899-89BF-9E7358CBCE35}.Debug|Any CPU.ActiveCfg = Debug|Any CPU
		{A82A7C91-52C8-4899-89BF-9E7358CBCE35}.Debug|Any CPU.Build.0 = Debug|Any CPU
		{A82A7C91-52C8-4899-89BF-9E7358CBCE35}.Release|Any CPU.ActiveCfg = Release|Any CPU
		{A82A7C91-52C8-4899-89BF-9E7358CBCE35}.Release|Any CPU.Build.0 = Release|Any CPU
	EndGlobalSection
	GlobalSection(SolutionProperties) = preSolution
		HideSolutionNode = FALSE
	EndGlobalSection
	GlobalSection(ExtensibilityGlobals) = postSolution
		SolutionGuid = {EFEAF851-6E97-4CDD-B9BE-2D030186ACDC}
	EndGlobalSection
EndGlobal
